
Microsoft Visual Studio Solution File, Format Version 12.00
# Visual Studio 15
VisualStudioVersion = 15.0.28307.421
MinimumVisualStudioVersion = 10.0.40219.1
Project("{8BC9CEB8-8B4A-11D0-8D11-00A0C91BC942}") = "FlyingCrane3D", "FlyingCrane3D\FlyingCrane3D.vcxproj", "{B0187AEF-73B8-49B0-8F77-E14C33BF8F83}"
EndProject
Global
	GlobalSection(SolutionConfigurationPlatforms) = preSolution
		Debug|x64 = Debug|x64
		Debug|x86 = Debug|x86
		Release|x64 = Release|x64
		Release|x86 = Release|x86
	EndGlobalSection
	GlobalSection(ProjectConfigurationPlatforms) = postSolution
		{B0187AEF-73B8-49B0-8F77-E14C33BF8F83}.Debug|x64.ActiveCfg = Debug|x64
		{B0187AEF-73B8-49B0-8F77-E14C33BF8F83}.Debug|x64.Build.0 = Debug|x64
		{B0187AEF-73B8-49B0-8F77-E14C33BF8F83}.Debug|x86.ActiveCfg = Debug|Win32
		{B0187AEF-73B8-49B0-8F77-E14C33BF8F83}.Debug|x86.Build.0 = Debug|Win32
		{B0187AEF-73B8-49B0-8F77-E14C33BF8F83}.Release|x64.ActiveCfg = Release|x64
		{B0187AEF-73B8-49B0-8F77-E14C33BF8F83}.Release|x64.Build.0 = Release|x64
		{B0187AEF-73B8-49B0-8F77-E14C33BF8F83}.Release|x86.ActiveCfg = Release|Win32
		{B0187AEF-73B8-49B0-8F77-E14C33BF8F83}.Release|x86.Build.0 = Release|Win32
	EndGlobalSection
	GlobalSection(SolutionProperties) = preSolution
		HideSolutionNode = FALSE
	EndGlobalSection
	GlobalSection(ExtensibilityGlobals) = postSolution
		SolutionGuid = {4CA912A5-9EF9-423D-9F5C-F5353BC962B5}
	EndGlobalSection
EndGlobal
