<?xml version="1.0" encoding="utf-8"?>
<Project ToolsVersion="4.0" xmlns="http://schemas.microsoft.com/developer/msbuild/2003">
  <ItemGroup>
    <ClCompile Include="Application.cpp">
      <Filter>Sources</Filter>
    </ClCompile>
    <ClCompile Include="Camera.cpp">
      <Filter>Sources</Filter>
    </ClCompile>
    <ClCompile Include="DeltaTime.cpp">
      <Filter>Sources</Filter>
    </ClCompile>
    <ClCompile Include="Main.cpp">
      <Filter>Sources</Filter>
    </ClCompile>
    <ClCompile Include="Model.cpp">
      <Filter>Sources</Filter>
    </ClCompile>
    <ClCompile Include="Object.cpp">
      <Filter>Sources</Filter>
    </ClCompile>
    <ClCompile Include="Scene.cpp">
      <Filter>Sources</Filter>
    </ClCompile>
    <ClCompile Include="ScreenResolution.cpp">
      <Filter>Sources</Filter>
    </ClCompile>
    <ClCompile Include="Shader.cpp">
      <Filter>Sources</Filter>
    </ClCompile>
    <ClCompile Include="Window.cpp">
      <Filter>Sources</Filter>
    </ClCompile>
    <ClCompile Include="E:\Program Files\glad\gl_3_3_core\src\glad.c">
      <Filter>Sources\lib</Filter>
    </ClCompile>
    <ClCompile Include="stdhdr.cpp">
      <Filter>Sources\stdhdr</Filter>
    </ClCompile>
    <ClCompile Include="Axis.cpp">
      <Filter>Sources\Transform</Filter>
    </ClCompile>
    <ClCompile Include="ArithmeticVec3.cpp">
      <Filter>Sources\Transform</Filter>
    </ClCompile>
    <ClCompile Include="Position.cpp">
      <Filter>Sources\Transform</Filter>
    </ClCompile>
    <ClCompile Include="Rotation.cpp">
      <Filter>Sources\Transform</Filter>
    </ClCompile>
    <ClCompile Include="Scale.cpp">
      <Filter>Sources\Transform</Filter>
    </ClCompile>
    <ClCompile Include="Transform.cpp">
      <Filter>Sources\Transform</Filter>
    </ClCompile>
  </ItemGroup>
  <ItemGroup>
    <ClInclude Include="Application.h">
      <Filter>Headers</Filter>
    </ClInclude>
    <ClInclude Include="Camera.h">
      <Filter>Headers</Filter>
    </ClInclude>
    <ClInclude Include="DeltaTime.h">
      <Filter>Headers</Filter>
    </ClInclude>
    <ClInclude Include="Model.h">
      <Filter>Headers</Filter>
    </ClInclude>
    <ClInclude Include="Object.h">
      <Filter>Headers</Filter>
    </ClInclude>
    <ClInclude Include="Scene.h">
      <Filter>Headers</Filter>
    </ClInclude>
    <ClInclude Include="ScreenResolution.h">
      <Filter>Headers</Filter>
    </ClInclude>
    <ClInclude Include="Shader.h">
      <Filter>Headers</Filter>
    </ClInclude>
    <ClInclude Include="Window.h">
      <Filter>Headers</Filter>
    </ClInclude>
    <ClInclude Include="stdhdr.h">
      <Filter>Headers\stdhdr</Filter>
    </ClInclude>
    <ClInclude Include="ArithmeticVec3.h">
      <Filter>Headers\Transform</Filter>
    </ClInclude>
    <ClInclude Include="Axis.h">
      <Filter>Headers\Transform</Filter>
    </ClInclude>
    <ClInclude Include="Transform.h">
      <Filter>Headers\Transform</Filter>
    </ClInclude>
    <ClInclude Include="Scale.h">
      <Filter>Headers\Transform</Filter>
    </ClInclude>
    <ClInclude Include="Rotation.h">
      <Filter>Headers\Transform</Filter>
    </ClInclude>
    <ClInclude Include="Position.h">
      <Filter>Headers\Transform</Filter>
    </ClInclude>
  </ItemGroup>
  <ItemGroup>
    <Filter Include="Sources">
      <UniqueIdentifier>{102397a3-270b-4969-90f5-906f5c2b6267}</UniqueIdentifier>
      <Extensions>cpp;c;cc;cxx;def;odl;idl;hpj;bat;asm;asmx</Extensions>
    </Filter>
    <Filter Include="Sources\lib">
      <UniqueIdentifier>{a7a0bd80-141c-41d6-9b21-058ecba5f25a}</UniqueIdentifier>
    </Filter>
    <Filter Include="Sources\stdhdr">
      <UniqueIdentifier>{2e8a8632-fb26-4004-b5c1-9d38017b1a46}</UniqueIdentifier>
    </Filter>
    <Filter Include="Sources\Transform">
      <UniqueIdentifier>{fd0343b1-2efc-4a5c-b149-c06af5cd9b7e}</UniqueIdentifier>
    </Filter>
    <Filter Include="Headers">
      <UniqueIdentifier>{a06894c3-0723-442a-b753-f00a75e469d7}</UniqueIdentifier>
      <Extensions>h;hh;hpp;hxx;hm;inl;inc;ipp;xsd</Extensions>
    </Filter>
    <Filter Include="Headers\stdhdr">
      <UniqueIdentifier>{7c2d6124-aa75-4fac-b9cf-7355a6e5c4db}</UniqueIdentifier>
    </Filter>
    <Filter Include="Headers\Transform">
      <UniqueIdentifier>{e05e15ff-6576-4df8-b728-3e1c05fc345c}</UniqueIdentifier>
    </Filter>
    <Filter Include="Resources">
      <UniqueIdentifier>{f6bf6e01-2b70-445e-9370-301f938ef477}</UniqueIdentifier>
    </Filter>
    <Filter Include="Resources\Shaders">
      <UniqueIdentifier>{7498ece9-a332-4bd2-8060-457ae2c50d60}</UniqueIdentifier>
      <Extensions>glsl;vs;fs;gs;vert;frag;geom</Extensions>
    </Filter>
  </ItemGroup>
</Project>