<?xml version="1.0" encoding="utf-8"?>
<Project ToolsVersion="4.0" xmlns="http://schemas.microsoft.com/developer/msbuild/2003">
  <ItemGroup>
    <ClCompile Include="Application.cpp">
      <Filter>Sources</Filter>
    </ClCompile>
    <ClCompile Include="DeltaTime.cpp">
      <Filter>Sources</Filter>
    </ClCompile>
    <ClCompile Include="Main.cpp">
      <Filter>Sources</Filter>
    </ClCompile>
    <ClCompile Include="Model.cpp">
      <Filter>Sources</Filter>
    </ClCompile>
    <ClCompile Include="Scene.cpp">
      <Filter>Sources</Filter>
    </ClCompile>
    <ClCompile Include="ScreenResolution.cpp">
      <Filter>Sources</Filter>
    </ClCompile>
    <ClCompile Include="Window.cpp">
      <Filter>Sources</Filter>
    </ClCompile>
    <ClCompile Include="E:\Program Files\glad\gl_3_3_core\src\glad.c">
      <Filter>Sources\lib</Filter>
    </ClCompile>
    <ClCompile Include="Util.cpp">
      <Filter>Sources</Filter>
    </ClCompile>
    <ClCompile Include="Mesh.cpp">
      <Filter>Sources\Object</Filter>
    </ClCompile>
    <ClCompile Include="Object.cpp">
      <Filter>Sources\Object</Filter>
    </ClCompile>
    <ClCompile Include="Shader.cpp">
      <Filter>Sources\Object</Filter>
    </ClCompile>
    <ClCompile Include="Vertex.cpp">
      <Filter>Sources\Object</Filter>
    </ClCompile>
    <ClCompile Include="GridObject.cpp">
      <Filter>Sources\Object</Filter>
    </ClCompile>
    <ClCompile Include="Axis.cpp">
      <Filter>Sources</Filter>
    </ClCompile>
    <ClCompile Include="Transform.cpp">
      <Filter>Sources</Filter>
    </ClCompile>
    <ClCompile Include="TargetCamera.cpp">
      <Filter>Sources\Camera</Filter>
    </ClCompile>
    <ClCompile Include="FreeCamera.cpp">
      <Filter>Sources\Camera</Filter>
    </ClCompile>
    <ClCompile Include="CameraSwitcher.cpp">
      <Filter>Sources\Camera</Filter>
    </ClCompile>
    <ClCompile Include="Camera.cpp">
      <Filter>Sources\Camera</Filter>
    </ClCompile>
    <ClCompile Include="Selection.cpp">
      <Filter>Sources</Filter>
    </ClCompile>
    <ClCompile Include="stdhdr.cpp">
      <Filter>Sources</Filter>
    </ClCompile>
    <ClCompile Include="GUI.cpp">
      <Filter>Sources</Filter>
    </ClCompile>
    <ClCompile Include="E:\Program Files\imgui\imgui-1.68\imgui_glfw\imgui_widgets.cpp">
      <Filter>Sources\lib\imGui</Filter>
    </ClCompile>
    <ClCompile Include="E:\Program Files\imgui\imgui-1.68\imgui_glfw\imgui.cpp">
      <Filter>Sources\lib\imGui</Filter>
    </ClCompile>
    <ClCompile Include="E:\Program Files\imgui\imgui-1.68\imgui_glfw\imgui_demo.cpp">
      <Filter>Sources\lib\imGui</Filter>
    </ClCompile>
    <ClCompile Include="E:\Program Files\imgui\imgui-1.68\imgui_glfw\imgui_draw.cpp">
      <Filter>Sources\lib\imGui</Filter>
    </ClCompile>
    <ClCompile Include="E:\Program Files\imgui\imgui-1.68\imgui_glfw\imgui_impl_glfw.cpp">
      <Filter>Sources\lib\imGui</Filter>
    </ClCompile>
    <ClCompile Include="E:\Program Files\imgui\imgui-1.68\imgui_glfw\imgui_impl_opengl3.cpp">
      <Filter>Sources\lib\imGui</Filter>
    </ClCompile>
  </ItemGroup>
  <ItemGroup>
    <ClInclude Include="Application.h">
      <Filter>Headers</Filter>
    </ClInclude>
    <ClInclude Include="DeltaTime.h">
      <Filter>Headers</Filter>
    </ClInclude>
    <ClInclude Include="Model.h">
      <Filter>Headers</Filter>
    </ClInclude>
    <ClInclude Include="Scene.h">
      <Filter>Headers</Filter>
    </ClInclude>
    <ClInclude Include="ScreenResolution.h">
      <Filter>Headers</Filter>
    </ClInclude>
    <ClInclude Include="Window.h">
      <Filter>Headers</Filter>
    </ClInclude>
    <ClInclude Include="Util.h">
      <Filter>Headers</Filter>
    </ClInclude>
    <ClInclude Include="Mesh.h">
      <Filter>Headers\Object</Filter>
    </ClInclude>
    <ClInclude Include="Object.h">
      <Filter>Headers\Object</Filter>
    </ClInclude>
    <ClInclude Include="Shader.h">
      <Filter>Headers\Object</Filter>
    </ClInclude>
    <ClInclude Include="Vertex.h">
      <Filter>Headers\Object</Filter>
    </ClInclude>
    <ClInclude Include="GridObject.h">
      <Filter>Headers\Object</Filter>
    </ClInclude>
    <ClInclude Include="ITriada.h">
      <Filter>Headers</Filter>
    </ClInclude>
    <ClInclude Include="Transform.h">
      <Filter>Headers</Filter>
    </ClInclude>
    <ClInclude Include="Axis.h">
      <Filter>Headers</Filter>
    </ClInclude>
    <ClInclude Include="TargetCamera.h">
      <Filter>Headers\Camera</Filter>
    </ClInclude>
    <ClInclude Include="FreeCamera.h">
      <Filter>Headers\Camera</Filter>
    </ClInclude>
    <ClInclude Include="CameraSwitcher.h">
      <Filter>Headers\Camera</Filter>
    </ClInclude>
    <ClInclude Include="Camera.h">
      <Filter>Headers\Camera</Filter>
    </ClInclude>
    <ClInclude Include="Selection.h">
      <Filter>Headers</Filter>
    </ClInclude>
    <ClInclude Include="stdhdr.h">
      <Filter>Headers</Filter>
    </ClInclude>
    <ClInclude Include="GUI.h">
      <Filter>Headers</Filter>
    </ClInclude>
    <ClInclude Include="E:\Program Files\imgui\imgui-1.68\imgui_glfw\imconfig.h">
      <Filter>Headers\lib\imGui</Filter>
    </ClInclude>
    <ClInclude Include="E:\Program Files\imgui\imgui-1.68\imgui_glfw\imgui.h">
      <Filter>Headers\lib\imGui</Filter>
    </ClInclude>
    <ClInclude Include="E:\Program Files\imgui\imgui-1.68\imgui_glfw\imgui_impl_glfw.h">
      <Filter>Headers\lib\imGui</Filter>
    </ClInclude>
    <ClInclude Include="E:\Program Files\imgui\imgui-1.68\imgui_glfw\imgui_internal.h">
      <Filter>Headers\lib\imGui</Filter>
    </ClInclude>
    <ClInclude Include="E:\Program Files\imgui\imgui-1.68\imgui_glfw\imstb_rectpack.h">
      <Filter>Headers\lib\imGui</Filter>
    </ClInclude>
    <ClInclude Include="E:\Program Files\imgui\imgui-1.68\imgui_glfw\imstb_textedit.h">
      <Filter>Headers\lib\imGui</Filter>
    </ClInclude>
    <ClInclude Include="E:\Program Files\imgui\imgui-1.68\imgui_glfw\imstb_truetype.h">
      <Filter>Headers\lib\imGui</Filter>
    </ClInclude>
    <ClInclude Include="E:\Program Files\imgui\imgui-1.68\imgui_glfw\imgui_impl_opengl3.h">
      <Filter>Headers\lib\imGui</Filter>
    </ClInclude>
  </ItemGroup>
  <ItemGroup>
    <Filter Include="Sources">
      <UniqueIdentifier>{102397a3-270b-4969-90f5-906f5c2b6267}</UniqueIdentifier>
      <Extensions>cpp;c;cc;cxx;def;odl;idl;hpj;bat;asm;asmx</Extensions>
    </Filter>
    <Filter Include="Sources\lib">
      <UniqueIdentifier>{a7a0bd80-141c-41d6-9b21-058ecba5f25a}</UniqueIdentifier>
    </Filter>
    <Filter Include="Headers">
      <UniqueIdentifier>{a06894c3-0723-442a-b753-f00a75e469d7}</UniqueIdentifier>
      <Extensions>h;hh;hpp;hxx;hm;inl;inc;ipp;xsd</Extensions>
    </Filter>
    <Filter Include="Resources">
      <UniqueIdentifier>{f6bf6e01-2b70-445e-9370-301f938ef477}</UniqueIdentifier>
    </Filter>
    <Filter Include="Resources\Shaders">
      <UniqueIdentifier>{7498ece9-a332-4bd2-8060-457ae2c50d60}</UniqueIdentifier>
      <Extensions>glsl;vs;fs;gs;vert;frag;geom</Extensions>
    </Filter>
    <Filter Include="Headers\Object">
      <UniqueIdentifier>{8d03e873-3016-4e2e-819e-b4fe34596378}</UniqueIdentifier>
    </Filter>
    <Filter Include="Sources\Object">
      <UniqueIdentifier>{668327a0-e97c-4dd4-a1e5-bb48e358a075}</UniqueIdentifier>
    </Filter>
    <Filter Include="Headers\Camera">
      <UniqueIdentifier>{956c6f42-0a24-4540-baf9-8cb7d96a697a}</UniqueIdentifier>
    </Filter>
    <Filter Include="Sources\Camera">
      <UniqueIdentifier>{7c8f2d5c-43fe-4fea-bb1b-5e7cc54617ed}</UniqueIdentifier>
    </Filter>
    <Filter Include="Sources\lib\imGui">
      <UniqueIdentifier>{a0742bfc-6fa8-4596-b691-95ec3213021e}</UniqueIdentifier>
    </Filter>
    <Filter Include="Headers\lib">
      <UniqueIdentifier>{3269860b-6927-453f-b52a-2b92ff7cb72a}</UniqueIdentifier>
    </Filter>
    <Filter Include="Headers\lib\imGui">
      <UniqueIdentifier>{a0e27067-1181-43d1-b3df-9f0da3ce5ade}</UniqueIdentifier>
    </Filter>
    <Filter Include="Resources\fonts">
      <UniqueIdentifier>{db9b6593-aa72-48fd-bb34-d8565d271df0}</UniqueIdentifier>
      <Extensions>ttf</Extensions>
    </Filter>
  </ItemGroup>
  <ItemGroup>
    <None Include="..\resources\shaders\GridObjectMeshX.fs">
      <Filter>Resources\Shaders</Filter>
    </None>
    <None Include="..\resources\shaders\GridObjectMeshX.vs">
      <Filter>Resources\Shaders</Filter>
    </None>
    <None Include="..\resources\shaders\GridObjectMeshGrid.fs">
      <Filter>Resources\Shaders</Filter>
    </None>
    <None Include="..\resources\shaders\GridObjectMeshGrid.vs">
      <Filter>Resources\Shaders</Filter>
    </None>
    <None Include="..\resources\shaders\GridObjectMeshZ.fs">
      <Filter>Resources\Shaders</Filter>
    </None>
    <None Include="..\resources\shaders\GridObjectMeshZ.vs">
      <Filter>Resources\Shaders</Filter>
    </None>
    <None Include="..\resources\shaders\DefaultShader.fs">
      <Filter>Resources\Shaders</Filter>
    </None>
    <None Include="..\resources\shaders\DefaultShader.vs">
      <Filter>Resources\Shaders</Filter>
    </None>
    <None Include="..\resources\shaders\Selection.vs">
      <Filter>Resources\Shaders</Filter>
    </None>
    <None Include="..\resources\shaders\Selection.fs">
      <Filter>Resources\Shaders</Filter>
    </None>
  </ItemGroup>
  <ItemGroup>
    <Font Include="..\resources\fonts\Roboto-Regular.ttf">
      <Filter>Resources\fonts</Filter>
    </Font>
  </ItemGroup>
</Project>